
Microsoft Visual Studio Solution File, Format Version 12.00
# Visual Studio Version 17
VisualStudioVersion = 17.1.32328.378
MinimumVisualStudioVersion = 10.0.40219.1
Project("{FAE04EC0-301F-11D3-BF4B-00C04F79EFBC}") = "Certamen3", "Certamen3\Certamen3.csproj", "{E4BE1D2C-810F-4850-99B2-2F69077262B8}"
EndProject
Global
	GlobalSection(SolutionConfigurationPlatforms) = preSolution
		Debug|Any CPU = Debug|Any CPU
		Release|Any CPU = Release|Any CPU
	EndGlobalSection
	GlobalSection(ProjectConfigurationPlatforms) = postSolution
		{E4BE1D2C-810F-4850-99B2-2F69077262B8}.Debug|Any CPU.ActiveCfg = Debug|Any CPU
		{E4BE1D2C-810F-4850-99B2-2F69077262B8}.Debug|Any CPU.Build.0 = Debug|Any CPU
		{E4BE1D2C-810F-4850-99B2-2F69077262B8}.Release|Any CPU.ActiveCfg = Release|Any CPU
		{E4BE1D2C-810F-4850-99B2-2F69077262B8}.Release|Any CPU.Build.0 = Release|Any CPU
	EndGlobalSection
	GlobalSection(SolutionProperties) = preSolution
		HideSolutionNode = FALSE
	EndGlobalSection
	GlobalSection(ExtensibilityGlobals) = postSolution
		SolutionGuid = {BE61BBF7-39AB-46B5-BCD1-6612D739DF5B}
	EndGlobalSection
EndGlobal
